
Microsoft Visual Studio Solution File, Format Version 12.00
# Visual Studio Version 16
VisualStudioVersion = 16.0.30406.217
MinimumVisualStudioVersion = 10.0.40219.1
Project("{FAE04EC0-301F-11D3-BF4B-00C04F79EFBC}") = "Vip.ComboBox", "Vip.ComboBox\Vip.ComboBox.csproj", "{6B2855EF-AE7F-435E-A455-B8782A235D10}"
EndProject
Project("{FAE04EC0-301F-11D3-BF4B-00C04F79EFBC}") = "Vip.ComboBox.Demo", "Vip.ComboBox.Demo\Vip.ComboBox.Demo.csproj", "{0FC4C6D1-632C-43B4-A5E1-29C95F7276C1}"
EndProject
Global
	GlobalSection(SolutionConfigurationPlatforms) = preSolution
		Debug|Any CPU = Debug|Any CPU
		Release|Any CPU = Release|Any CPU
	EndGlobalSection
	GlobalSection(ProjectConfigurationPlatforms) = postSolution
		{6B2855EF-AE7F-435E-A455-B8782A235D10}.Debug|Any CPU.ActiveCfg = Debug|Any CPU
		{6B2855EF-AE7F-435E-A455-B8782A235D10}.Debug|Any CPU.Build.0 = Debug|Any CPU
		{6B2855EF-AE7F-435E-A455-B8782A235D10}.Release|Any CPU.ActiveCfg = Release|Any CPU
		{6B2855EF-AE7F-435E-A455-B8782A235D10}.Release|Any CPU.Build.0 = Release|Any CPU
		{0FC4C6D1-632C-43B4-A5E1-29C95F7276C1}.Debug|Any CPU.ActiveCfg = Debug|Any CPU
		{0FC4C6D1-632C-43B4-A5E1-29C95F7276C1}.Debug|Any CPU.Build.0 = Debug|Any CPU
		{0FC4C6D1-632C-43B4-A5E1-29C95F7276C1}.Release|Any CPU.ActiveCfg = Release|Any CPU
		{0FC4C6D1-632C-43B4-A5E1-29C95F7276C1}.Release|Any CPU.Build.0 = Release|Any CPU
	EndGlobalSection
	GlobalSection(SolutionProperties) = preSolution
		HideSolutionNode = FALSE
	EndGlobalSection
	GlobalSection(ExtensibilityGlobals) = postSolution
		SolutionGuid = {4B8B9E4A-B67E-4207-9B3D-D32F6ADF6757}
	EndGlobalSection
EndGlobal
